
Microsoft Visual Studio Solution File, Format Version 12.00
# Visual Studio 15
VisualStudioVersion = 15.0.28307.489
MinimumVisualStudioVersion = 10.0.40219.1
Project("{FAE04EC0-301F-11D3-BF4B-00C04F79EFBC}") = "DebugOne1", "DebugOne1\DebugOne1.csproj", "{DB9E2D10-0624-4771-ACCF-55462B5C2407}"
EndProject
Global
	GlobalSection(SolutionConfigurationPlatforms) = preSolution
		Debug|Any CPU = Debug|Any CPU
		Release|Any CPU = Release|Any CPU
	EndGlobalSection
	GlobalSection(ProjectConfigurationPlatforms) = postSolution
		{DB9E2D10-0624-4771-ACCF-55462B5C2407}.Debug|Any CPU.ActiveCfg = Debug|Any CPU
		{DB9E2D10-0624-4771-ACCF-55462B5C2407}.Debug|Any CPU.Build.0 = Debug|Any CPU
		{DB9E2D10-0624-4771-ACCF-55462B5C2407}.Release|Any CPU.ActiveCfg = Release|Any CPU
		{DB9E2D10-0624-4771-ACCF-55462B5C2407}.Release|Any CPU.Build.0 = Release|Any CPU
	EndGlobalSection
	GlobalSection(SolutionProperties) = preSolution
		HideSolutionNode = FALSE
	EndGlobalSection
	GlobalSection(ExtensibilityGlobals) = postSolution
		SolutionGuid = {5FA8FB97-20C4-4DF2-BC5A-03E549574834}
	EndGlobalSection
EndGlobal
