
Microsoft Visual Studio Solution File, Format Version 12.00
# Visual Studio Version 16
VisualStudioVersion = 16.0.28729.10
MinimumVisualStudioVersion = 10.0.40219.1
Project("{FAE04EC0-301F-11D3-BF4B-00C04F79EFBC}") = "CompareThreeNumbers", "CompareThreeNumbers.csproj", "{4CC72501-3542-4CCE-87C8-AED53567428A}"
EndProject
Global
	GlobalSection(SolutionConfigurationPlatforms) = preSolution
		Debug|Any CPU = Debug|Any CPU
		Release|Any CPU = Release|Any CPU
	EndGlobalSection
	GlobalSection(ProjectConfigurationPlatforms) = postSolution
		{4CC72501-3542-4CCE-87C8-AED53567428A}.Debug|Any CPU.ActiveCfg = Debug|Any CPU
		{4CC72501-3542-4CCE-87C8-AED53567428A}.Debug|Any CPU.Build.0 = Debug|Any CPU
		{4CC72501-3542-4CCE-87C8-AED53567428A}.Release|Any CPU.ActiveCfg = Release|Any CPU
		{4CC72501-3542-4CCE-87C8-AED53567428A}.Release|Any CPU.Build.0 = Release|Any CPU
	EndGlobalSection
	GlobalSection(SolutionProperties) = preSolution
		HideSolutionNode = FALSE
	EndGlobalSection
	GlobalSection(ExtensibilityGlobals) = postSolution
		SolutionGuid = {AE72C0FF-1909-42D4-935A-97BFDFDCC581}
	EndGlobalSection
EndGlobal
