
Microsoft Visual Studio Solution File, Format Version 12.00
# Visual Studio 15
VisualStudioVersion = 15.0.28307.489
MinimumVisualStudioVersion = 10.0.40219.1
Project("{FAE04EC0-301F-11D3-BF4B-00C04F79EFBC}") = "Name", "Name\Name.csproj", "{0AF3C6BF-3059-4B51-B466-31B18C6AA26A}"
EndProject
Global
	GlobalSection(SolutionConfigurationPlatforms) = preSolution
		Debug|Any CPU = Debug|Any CPU
		Release|Any CPU = Release|Any CPU
	EndGlobalSection
	GlobalSection(ProjectConfigurationPlatforms) = postSolution
		{0AF3C6BF-3059-4B51-B466-31B18C6AA26A}.Debug|Any CPU.ActiveCfg = Debug|Any CPU
		{0AF3C6BF-3059-4B51-B466-31B18C6AA26A}.Debug|Any CPU.Build.0 = Debug|Any CPU
		{0AF3C6BF-3059-4B51-B466-31B18C6AA26A}.Release|Any CPU.ActiveCfg = Release|Any CPU
		{0AF3C6BF-3059-4B51-B466-31B18C6AA26A}.Release|Any CPU.Build.0 = Release|Any CPU
	EndGlobalSection
	GlobalSection(SolutionProperties) = preSolution
		HideSolutionNode = FALSE
	EndGlobalSection
	GlobalSection(ExtensibilityGlobals) = postSolution
		SolutionGuid = {FCD184B3-455C-4627-B07D-1B46A17D8B9F}
	EndGlobalSection
EndGlobal
