
Microsoft Visual Studio Solution File, Format Version 12.00
# Visual Studio Version 16
VisualStudioVersion = 16.0.28714.193
MinimumVisualStudioVersion = 10.0.40219.1
Project("{FAE04EC0-301F-11D3-BF4B-00C04F79EFBC}") = "Test", "Test.csproj", "{584CF93F-C146-416F-A672-CD3572F23264}"
EndProject
Global
	GlobalSection(SolutionConfigurationPlatforms) = preSolution
		Debug|Any CPU = Debug|Any CPU
		Release|Any CPU = Release|Any CPU
	EndGlobalSection
	GlobalSection(ProjectConfigurationPlatforms) = postSolution
		{584CF93F-C146-416F-A672-CD3572F23264}.Debug|Any CPU.ActiveCfg = Debug|Any CPU
		{584CF93F-C146-416F-A672-CD3572F23264}.Debug|Any CPU.Build.0 = Debug|Any CPU
		{584CF93F-C146-416F-A672-CD3572F23264}.Release|Any CPU.ActiveCfg = Release|Any CPU
		{584CF93F-C146-416F-A672-CD3572F23264}.Release|Any CPU.Build.0 = Release|Any CPU
	EndGlobalSection
	GlobalSection(SolutionProperties) = preSolution
		HideSolutionNode = FALSE
	EndGlobalSection
	GlobalSection(ExtensibilityGlobals) = postSolution
		SolutionGuid = {A2893587-C65B-4A60-B7EA-BB371DD87B40}
	EndGlobalSection
EndGlobal
