
Microsoft Visual Studio Solution File, Format Version 12.00
# Visual Studio Version 16
VisualStudioVersion = 16.0.28721.148
MinimumVisualStudioVersion = 10.0.40219.1
Project("{FAE04EC0-301F-11D3-BF4B-00C04F79EFBC}") = "HelloVisualWorld", "HelloVisualWorld.csproj", "{C24B928A-2C86-4AD7-BD84-84E88EA1A9D5}"
EndProject
Global
	GlobalSection(SolutionConfigurationPlatforms) = preSolution
		Debug|Any CPU = Debug|Any CPU
		Release|Any CPU = Release|Any CPU
	EndGlobalSection
	GlobalSection(ProjectConfigurationPlatforms) = postSolution
		{C24B928A-2C86-4AD7-BD84-84E88EA1A9D5}.Debug|Any CPU.ActiveCfg = Debug|Any CPU
		{C24B928A-2C86-4AD7-BD84-84E88EA1A9D5}.Debug|Any CPU.Build.0 = Debug|Any CPU
		{C24B928A-2C86-4AD7-BD84-84E88EA1A9D5}.Release|Any CPU.ActiveCfg = Release|Any CPU
		{C24B928A-2C86-4AD7-BD84-84E88EA1A9D5}.Release|Any CPU.Build.0 = Release|Any CPU
	EndGlobalSection
	GlobalSection(SolutionProperties) = preSolution
		HideSolutionNode = FALSE
	EndGlobalSection
	GlobalSection(ExtensibilityGlobals) = postSolution
		SolutionGuid = {A0484263-AD1B-432F-9DC0-B452A49DC11B}
	EndGlobalSection
EndGlobal
