
Microsoft Visual Studio Solution File, Format Version 12.00
# Visual Studio Version 16
VisualStudioVersion = 16.0.28721.148
MinimumVisualStudioVersion = 10.0.40219.1
Project("{FAE04EC0-301F-11D3-BF4B-00C04F79EFBC}") = "FixDebugTwo4", "FixDebugTwo4.csproj", "{79F3D107-873A-47DA-A3EF-00913EF9B24F}"
EndProject
Global
	GlobalSection(SolutionConfigurationPlatforms) = preSolution
		Debug|Any CPU = Debug|Any CPU
		Release|Any CPU = Release|Any CPU
	EndGlobalSection
	GlobalSection(ProjectConfigurationPlatforms) = postSolution
		{79F3D107-873A-47DA-A3EF-00913EF9B24F}.Debug|Any CPU.ActiveCfg = Debug|Any CPU
		{79F3D107-873A-47DA-A3EF-00913EF9B24F}.Debug|Any CPU.Build.0 = Debug|Any CPU
		{79F3D107-873A-47DA-A3EF-00913EF9B24F}.Release|Any CPU.ActiveCfg = Release|Any CPU
		{79F3D107-873A-47DA-A3EF-00913EF9B24F}.Release|Any CPU.Build.0 = Release|Any CPU
	EndGlobalSection
	GlobalSection(SolutionProperties) = preSolution
		HideSolutionNode = FALSE
	EndGlobalSection
	GlobalSection(ExtensibilityGlobals) = postSolution
		SolutionGuid = {1045F750-C541-4315-B67A-FA8249A9D5DB}
	EndGlobalSection
EndGlobal
